github.com/360EntSecGroup-Skylar/excelize v1.4.1 h1:l55mJb6rkkaUzOpSsgEeKYtS6/0gHwBYyfo5Jcjv/Ks=
github.com/360EntSecGroup-Skylar/excelize v1.4.1/go.mod h1:vnax29X2usfl7HHkBrX5EvSCJcmH3dT9luvxzu8iGAE=
github.com/davecgh/go-spew v1.1.1/go.mod h1:J7Y8YcW2NihsgmVo/mv3lAwl/skON4iLHjSsI+c5H38=
github.com/deckarep/golang-set v1.7.1 h1:SCQV0S6gTtp6itiFrTqI+pfmJ4LN85S1YzhDf9rTHJQ=
github.com/deckarep/golang-set v1.7.1/go.mod h1:93vsz/8Wt4joVM7c2AVqh+YRMiUSc14yDtF28KmMOgQ=
github.com/masatana/go-textdistance v0.0.0-20191005053614-738b0edac985 h1:Pz8zZjVRvKxISYimNzLGnzSNl5hYXFSN80FPQ+qt1HE=
github.com/masatana/go-textdistance v0.0.0-20191005053614-738b0edac985/go.mod h1:1nU7rI+iBPtzc9ZKOqeQacD290rA0wcJLu5AtOSBBPw=
github.com/mohae/deepcopy v0.0.0-20170929034955-c48cc78d4826 h1:RWengNIwukTxcDr9M+97sNutRR1RKhG96O6jWumTTnw=
github.com/mohae/deepcopy v0.0.0-20170929034955-c48cc78d4826/go.mod h1:TaXosZuwdSHYgviHp1DAtfrULt5eUgsSMsZf+YrPgl8=
github.com/pmezard/go-difflib v1.0.0/go.mod h1:iKH77koFhYxTK1pcRnkKkqfTogsbg7gZNVY4sRDYZ/4=
github.com/stretchr/testify v1.2.3-0.20181224173747-660f15d67dbb/go.mod h1:a8OnRcib4nhh0OaRAV+Yts87kKdq0PP7pXfy6kDkUVs=
github.com/toldjuuso/go-jaro-winkler-distance v0.0.0-20170618121139-277e4e08ce41 h1:z5cM68vgILYWoKddyc4wgztCedoWTcBbJCAQzIpglp0=
github.com/toldjuuso/go-jaro-winkler-distance v0.0.0-20170618121139-277e4e08ce41/go.mod h1:b6WYb44vVEEJP3WP6N3K1Rl+TxmY5yWJLd4Te8cQGoc=
